
Microsoft Visual Studio Solution File, Format Version 12.00
# Visual Studio Version 17
VisualStudioVersion = 17.3.32922.545
MinimumVisualStudioVersion = 10.0.40219.1
Project("{9A19103F-16F7-4668-BE54-9A1E7A4F7556}") = "FridgeMicroservice", "FridgeMicroservice\FridgeMicroservice.csproj", "{D869AE49-44E6-48B5-9BD1-1935F5CACEAE}"
EndProject
Project("{9A19103F-16F7-4668-BE54-9A1E7A4F7556}") = "Repository", "Repository\Repository.csproj", "{E1C38862-F6B6-4678-870A-379EA387F541}"
EndProject
Project("{9A19103F-16F7-4668-BE54-9A1E7A4F7556}") = "Service", "Service\Service.csproj", "{854FFCEF-D189-4E60-8984-46118BA612A7}"
EndProject
Project("{FAE04EC0-301F-11D3-BF4B-00C04F79EFBC}") = "AzureServiceBusFunctions", "AzureServiceBusFunctions\AzureServiceBusFunctions.csproj", "{07F90DD7-B938-423E-B09C-DDDB45FA5192}"
EndProject
Global
	GlobalSection(SolutionConfigurationPlatforms) = preSolution
		Debug|Any CPU = Debug|Any CPU
		Release|Any CPU = Release|Any CPU
	EndGlobalSection
	GlobalSection(ProjectConfigurationPlatforms) = postSolution
		{D869AE49-44E6-48B5-9BD1-1935F5CACEAE}.Debug|Any CPU.ActiveCfg = Debug|Any CPU
		{D869AE49-44E6-48B5-9BD1-1935F5CACEAE}.Debug|Any CPU.Build.0 = Debug|Any CPU
		{D869AE49-44E6-48B5-9BD1-1935F5CACEAE}.Release|Any CPU.ActiveCfg = Release|Any CPU
		{D869AE49-44E6-48B5-9BD1-1935F5CACEAE}.Release|Any CPU.Build.0 = Release|Any CPU
		{E1C38862-F6B6-4678-870A-379EA387F541}.Debug|Any CPU.ActiveCfg = Debug|Any CPU
		{E1C38862-F6B6-4678-870A-379EA387F541}.Debug|Any CPU.Build.0 = Debug|Any CPU
		{E1C38862-F6B6-4678-870A-379EA387F541}.Release|Any CPU.ActiveCfg = Release|Any CPU
		{E1C38862-F6B6-4678-870A-379EA387F541}.Release|Any CPU.Build.0 = Release|Any CPU
		{854FFCEF-D189-4E60-8984-46118BA612A7}.Debug|Any CPU.ActiveCfg = Debug|Any CPU
		{854FFCEF-D189-4E60-8984-46118BA612A7}.Debug|Any CPU.Build.0 = Debug|Any CPU
		{854FFCEF-D189-4E60-8984-46118BA612A7}.Release|Any CPU.ActiveCfg = Release|Any CPU
		{854FFCEF-D189-4E60-8984-46118BA612A7}.Release|Any CPU.Build.0 = Release|Any CPU
		{07F90DD7-B938-423E-B09C-DDDB45FA5192}.Debug|Any CPU.ActiveCfg = Debug|Any CPU
		{07F90DD7-B938-423E-B09C-DDDB45FA5192}.Debug|Any CPU.Build.0 = Debug|Any CPU
		{07F90DD7-B938-423E-B09C-DDDB45FA5192}.Release|Any CPU.ActiveCfg = Release|Any CPU
		{07F90DD7-B938-423E-B09C-DDDB45FA5192}.Release|Any CPU.Build.0 = Release|Any CPU
	EndGlobalSection
	GlobalSection(SolutionProperties) = preSolution
		HideSolutionNode = FALSE
	EndGlobalSection
	GlobalSection(ExtensibilityGlobals) = postSolution
		SolutionGuid = {29DD8D1F-A8BB-40DA-B204-92568967F91A}
	EndGlobalSection
EndGlobal
